schema: '2.0'
stages:
  fetch:
    cmd:
    - python src/fetch.py --param_group fetch_data
    - python src/fetch.py --param_group fetch_model
    deps:
    - path: src/fetch.py
      md5: 01be87b0afe150dd41b37cbda5271f71
      size: 2763
    params:
      params.yaml:
        fetch_data.file: crawl-300d-2M-subword.bin
        fetch_data.uri: https://dl.fbaipublicfiles.com/fasttext/vectors-english/crawl-300d-2M-subword.zip
        fetch_model.file: lid.176.ftz
        fetch_model.uri: https://dl.fbaipublicfiles.com/fasttext/supervised-models/lid.176.ftz
  prepare:
    cmd: python src/prepare.py
    deps:
    - path: data/raw
      md5: 573f9cdf42c2928857daa1fc1b4520db.dir
      size: 11762456053
      nfiles: 8
    - path: src/prepare.py
      md5: 7e8282bdb051a4fb1318eba3d3dd19d0
      size: 9655
    params:
      params.yaml:
        fetch_data.file: crawl-300d-2M-subword.bin
        prepare.embeddings_dim: 300
        prepare.filter_count_gteq: 2
        prepare.filter_lang: en
        prepare.filter_lang_bool: true
        prepare.lang_detect_model: lid.176.ftz
        prepare.stopwords_filter_lang: english
        prepare.tfidf_dict_pickle_file: ''
    outs:
    - path: data/prepared/data.all.csv
      md5: 0346c908967902a9b8b3f04a66b125e8
      size: 154638900
    - path: reports/prepare.metrics.json
      md5: d1e59667ae567c5ee394f615be7a3536
      size: 68
  train:
    cmd: python src/train.py
    deps:
    - path: data/prepared/data.all.csv
      md5: 0346c908967902a9b8b3f04a66b125e8
      size: 154638900
    - path: src/train.py
      md5: 61c86bd1c501f6f55ec96e882f7fee75
      size: 6843
    params:
      params.yaml:
        train.class_types:
        - employer
        - occupation
        - UNK
        train.knc_algorithm: auto
        train.knc_leaf_size: 30
        train.knc_metric: minkowski
        train.knc_n_neighbors: 5
        train.knc_p: 2
        train.knc_weights: uniform
        train.model_type: SVC
        train.num_components: 9
        train.seed: 31
        train.split: 0.7
        train.svm_degree: 3
        train.svm_dual: true
        train.svm_gamma: scale
        train.svm_kernel: rbf
        train.svm_loss: squared_hinge
        train.svm_penalty: l2
        train.svm_regularization_C: 1
        train.use_pca: false
    outs:
    - path: model/class.metrics.csv
      md5: 40460df52cbfd6be927e1ffd6b8bf65b
      size: 183579
    - path: model/svm.model.pkl
      md5: 1682c441cefd7697c97803876ff9ac09
      size: 12319072
    - path: model/train.metrics.json
      md5: e8f4e4262b57661d56c5bbac480b1d56
      size: 405
  relabel:
    cmd: python src/relabel.py
    deps:
    - path: data/prepared/data.all.csv
      md5: 0346c908967902a9b8b3f04a66b125e8
      size: 154638900
    - path: model/svm.model.pkl
      md5: 1682c441cefd7697c97803876ff9ac09
      size: 12319072
    - path: src/relabel.py
      md5: a9fe45b4318991e2d159613af216595d
      size: 8573
    params:
      params.yaml:
        prepare.unknown_tag: UNK
        relabel.max_distance_decision: 2.2929098075032224
        relabel.min_distance_decision: -0.29124524614142283
        relabel.num_crossval_folds: 10
        train.class_types:
        - employer
        - occupation
        - UNK
        train.knc_algorithm: auto
        train.knc_leaf_size: 30
        train.knc_metric: minkowski
        train.knc_n_neighbors: 5
        train.knc_p: 2
        train.knc_weights: uniform
        train.model_type: SVC
        train.seed: 31
        train.split: 0.7
        train.svm_degree: 3
        train.svm_dual: true
        train.svm_gamma: scale
        train.svm_kernel: rbf
        train.svm_loss: squared_hinge
        train.svm_penalty: l2
        train.svm_regularization_C: 1
    outs:
    - path: data/final/class.metrics.csv
      md5: 1fb3c4b50cfb7f4906ab751e6a89b899
      size: 183052
    - path: data/final/data.csv
      md5: 6dd17aac15dc1752704c1d3d978fe4c7
      size: 2830366
    - path: reports/relabel.metrics.json
      md5: 5de1453651dba69ea1ff3743b8fec3f9
      size: 112
