schema: '2.0'
stages:
  fetch:
    cmd:
    - python src/fetch.py --param_group fetch_data
    - python src/fetch.py --param_group fetch_model
    deps:
    - path: src/fetch.py
      md5: 01be87b0afe150dd41b37cbda5271f71
      size: 2763
    params:
      params.yaml:
        fetch_data.file: crawl-300d-2M-subword.bin
        fetch_data.uri: https://dl.fbaipublicfiles.com/fasttext/vectors-english/crawl-300d-2M-subword.zip
        fetch_model.file: lid.176.ftz
        fetch_model.uri: https://dl.fbaipublicfiles.com/fasttext/supervised-models/lid.176.ftz
  prepare:
    cmd: python src/prepare.py
    deps:
    - path: data/raw
      md5: 0753c785ef434e8fd76bd078b66774bf.dir
      size: 7242327342
      nfiles: 7
    - path: src/prepare.py
      md5: 7e8282bdb051a4fb1318eba3d3dd19d0
      size: 9655
    params:
      params.yaml:
        fetch_data.file: crawl-300d-2M-subword.bin
        prepare.embeddings_dim: 300
        prepare.filter_count_gteq: 2
        prepare.filter_lang: en
        prepare.filter_lang_bool: true
        prepare.lang_detect_model: lid.176.ftz
        prepare.stopwords_filter_lang: english
        prepare.tfidf_dict_pickle_file: ''
    outs:
    - path: data/prepared/data.all.csv
      md5: 0346c908967902a9b8b3f04a66b125e8
      size: 154638900
    - path: reports/prepare.metrics.json
      md5: d1e59667ae567c5ee394f615be7a3536
      size: 68
  train:
    cmd: python src/train.py
    deps:
    - path: data/prepared/data.all.csv
      md5: 0346c908967902a9b8b3f04a66b125e8
      size: 154638900
    - path: src/train.py
      md5: 787f27ed252fbaec9e14532f69146723
      size: 6843
    params:
      params.yaml:
        train.class_types:
        - employer
        - occupation
        - UNK
        train.knc_algorithm: auto
        train.knc_leaf_size: 30
        train.knc_metric: minkowski
        train.knc_n_neighbors: 5
        train.knc_p: 2
        train.knc_weights: uniform
        train.model_type: LINEARSVC
        train.num_components: 9
        train.seed: 31
        train.split: 0.7
        train.svm_degree: 3
        train.svm_dual: true
        train.svm_gamma: scale
        train.svm_kernel: linear
        train.svm_loss: squared_hinge
        train.svm_penalty: l2
        train.svm_regularization_C: 1
        train.use_pca: false
    outs:
    - path: model/class.metrics.csv
      md5: 181439559b82c09568d261756aeae789
      size: 183642
    - path: model/svm.model.pkl
      md5: 896393f4c50a544c193b03d3f198a873
      size: 7816
    - path: model/train.metrics.json
      md5: b37294aa8b9a22c8cb094850da08be17
      size: 422
  relabel:
    cmd: python src/relabel.py
    deps:
    - path: data/prepared/data.all.csv
      md5: 0346c908967902a9b8b3f04a66b125e8
      size: 154638900
    - path: model/svm.model.pkl
      md5: 896393f4c50a544c193b03d3f198a873
      size: 7816
    - path: src/relabel.py
      md5: ef41f0a0b77fff535b3e66f647b9363c
      size: 8310
    params:
      params.yaml:
        prepare.unknown_tag: UNK
        relabel.max_distance_decision:
        relabel.min_distance_decision:
        relabel.num_crossval_folds: 10
        train.class_types:
        - employer
        - occupation
        - UNK
        train.knc_algorithm: auto
        train.knc_leaf_size: 30
        train.knc_metric: minkowski
        train.knc_n_neighbors: 5
        train.knc_p: 2
        train.knc_weights: uniform
        train.model_type: LINEARSVC
        train.seed: 31
        train.split: 0.7
        train.svm_degree: 3
        train.svm_dual: true
        train.svm_gamma: scale
        train.svm_kernel: linear
        train.svm_loss: squared_hinge
        train.svm_penalty: l2
        train.svm_regularization_C: 1
    outs:
    - path: data/final/class.metrics.csv
      md5: 6b629e42830046e244eef3d2e209ded5
      size: 181791
    - path: data/final/data.csv
      md5: d1dba9efc8cbf88402d4e0d5882ba087
      size: 2844943
    - path: reports/relabel.metrics.json
      md5: 4962d269f8ca3ad76b67ec0cbf8a5b1f
      size: 113
